{
    "_meta": {
        "hash": {
            "sha256": "c991966e5d8c7a435494ac9f743f0600cc1b0ac7846c9a950ca25a69536ef08b"
        },
        "pipfile-spec": 6,
        "requires": {
            "python_version": "3.11"
        },
        "sources": [
            {
                "name": "pypi",
                "url": "https://pypi.org/simple",
                "verify_ssl": true
            }
        ]
    },
    "default": {
        "nuitka": {
            "hashes": [
                "sha256:729806f45d8a7cf45a843a92752f392e6a821653ba72d46505b6c154be0d3853"
            ],
            "index": "pypi",
            "version": "==1.5.8"
        },
        "ordered-set": {
            "hashes": [
                "sha256:046e1132c71fcf3330438a539928932caf51ddbc582496833e23de611de14562",
                "sha256:694a8e44c87657c59292ede72891eb91d34131f6531463aab3009191c77364a8"
            ],
            "markers": "python_version >= '3.7'",
            "version": "==4.1.0"
        },
        "pyyaml": {
            "hashes": [
                "sha256:01b45c0191e6d66c470b6cf1b9531a771a83c1c4208272ead47a3ae4f2f603bf",
                "sha256:0283c35a6a9fbf047493e3a0ce8d79ef5030852c51e9d911a27badfde0605293",
                "sha256:055d937d65826939cb044fc8c9b08889e8c743fdc6a32b33e2390f66013e449b",
                "sha256:07751360502caac1c067a8132d150cf3d61339af5691fe9e87803040dbc5db57",
                "sha256:0b4624f379dab24d3725ffde76559cff63d9ec94e1736b556dacdfebe5ab6d4b",
                "sha256:0ce82d761c532fe4ec3f87fc45688bdd3a4c1dc5e0b4a19814b9009a29baefd4",
                "sha256:1e4747bc279b4f613a09eb64bba2ba602d8a6664c6ce6396a4d0cd413a50ce07",
                "sha256:213c60cd50106436cc818accf5baa1aba61c0189ff610f64f4a3e8c6726218ba",
                "sha256:231710d57adfd809ef5d34183b8ed1eeae3f76459c18fb4a0b373ad56bedcdd9",
                "sha256:277a0ef2981ca40581a47093e9e2d13b3f1fbbeffae064c1d21bfceba2030287",
                "sha256:2cd5df3de48857ed0544b34e2d40e9fac445930039f3cfe4bcc592a1f836d513",
                "sha256:40527857252b61eacd1d9af500c3337ba8deb8fc298940291486c465c8b46ec0",
                "sha256:432557aa2c09802be39460360ddffd48156e30721f5e8d917f01d31694216782",
                "sha256:473f9edb243cb1935ab5a084eb238d842fb8f404ed2193a915d1784b5a6b5fc0",
                "sha256:48c346915c114f5fdb3ead70312bd042a953a8ce5c7106d5bfb1a5254e47da92",
                "sha256:50602afada6d6cbfad699b0c7bb50d5ccffa7e46a3d738092afddc1f9758427f",
                "sha256:68fb519c14306fec9720a2a5b45bc9f0c8d1b9c72adf45c37baedfcd949c35a2",
                "sha256:77f396e6ef4c73fdc33a9157446466f1cff553d979bd00ecb64385760c6babdc",
                "sha256:81957921f441d50af23654aa6c5e5eaf9b06aba7f0a19c18a538dc7ef291c5a1",
                "sha256:819b3830a1543db06c4d4b865e70ded25be52a2e0631ccd2f6a47a2822f2fd7c",
                "sha256:897b80890765f037df3403d22bab41627ca8811ae55e9a722fd0392850ec4d86",
                "sha256:98c4d36e99714e55cfbaaee6dd5badbc9a1ec339ebfc3b1f52e293aee6bb71a4",
                "sha256:9df7ed3b3d2e0ecfe09e14741b857df43adb5a3ddadc919a2d94fbdf78fea53c",
                "sha256:9fa600030013c4de8165339db93d182b9431076eb98eb40ee068700c9c813e34",
                "sha256:a80a78046a72361de73f8f395f1f1e49f956c6be882eed58505a15f3e430962b",
                "sha256:afa17f5bc4d1b10afd4466fd3a44dc0e245382deca5b3c353d8b757f9e3ecb8d",
                "sha256:b3d267842bf12586ba6c734f89d1f5b871df0273157918b0ccefa29deb05c21c",
                "sha256:b5b9eccad747aabaaffbc6064800670f0c297e52c12754eb1d976c57e4f74dcb",
                "sha256:bfaef573a63ba8923503d27530362590ff4f576c626d86a9fed95822a8255fd7",
                "sha256:c5687b8d43cf58545ade1fe3e055f70eac7a5a1a0bf42824308d868289a95737",
                "sha256:cba8c411ef271aa037d7357a2bc8f9ee8b58b9965831d9e51baf703280dc73d3",
                "sha256:d15a181d1ecd0d4270dc32edb46f7cb7733c7c508857278d3d378d14d606db2d",
                "sha256:d4b0ba9512519522b118090257be113b9468d804b19d63c71dbcf4a48fa32358",
                "sha256:d4db7c7aef085872ef65a8fd7d6d09a14ae91f691dec3e87ee5ee0539d516f53",
                "sha256:d4eccecf9adf6fbcc6861a38015c2a64f38b9d94838ac1810a9023a0609e1b78",
                "sha256:d67d839ede4ed1b28a4e8909735fc992a923cdb84e618544973d7dfc71540803",
                "sha256:daf496c58a8c52083df09b80c860005194014c3698698d1a57cbcfa182142a3a",
                "sha256:dbad0e9d368bb989f4515da330b88a057617d16b6a8245084f1b05400f24609f",
                "sha256:e61ceaab6f49fb8bdfaa0f92c4b57bcfbea54c09277b1b4f7ac376bfb7a7c174",
                "sha256:f84fbc98b019fef2ee9a1cb3ce93e3187a6df0b2538a651bfb890254ba9f90b5"
            ],
            "index": "pypi",
            "version": "==6.0"
        },
        "zstandard": {
            "hashes": [
                "sha256:0aad6090ac164a9d237d096c8af241b8dcd015524ac6dbec1330092dba151657",
                "sha256:0bdbe350691dec3078b187b8304e6a9c4d9db3eb2d50ab5b1d748533e746d099",
                "sha256:0e1e94a9d9e35dc04bf90055e914077c80b1e0c15454cc5419e82529d3e70728",
                "sha256:1243b01fb7926a5a0417120c57d4c28b25a0200284af0525fddba812d575f605",
                "sha256:144a4fe4be2e747bf9c646deab212666e39048faa4372abb6a250dab0f347a29",
                "sha256:14e10ed461e4807471075d4b7a2af51f5234c8f1e2a0c1d37d5ca49aaaad49e8",
                "sha256:1545fb9cb93e043351d0cb2ee73fa0ab32e61298968667bb924aac166278c3fc",
                "sha256:1e6e131a4df2eb6f64961cea6f979cdff22d6e0d5516feb0d09492c8fd36f3bc",
                "sha256:25fbfef672ad798afab12e8fd204d122fca3bc8e2dcb0a2ba73bf0a0ac0f5f07",
                "sha256:2769730c13638e08b7a983b32cb67775650024632cd0476bf1ba0e6360f5ac7d",
                "sha256:48b6233b5c4cacb7afb0ee6b4f91820afbb6c0e3ae0fa10abbc20000acdf4f11",
                "sha256:4af612c96599b17e4930fe58bffd6514e6c25509d120f4eae6031b7595912f85",
                "sha256:52b2b5e3e7670bd25835e0e0730a236f2b0df87672d99d3bf4bf87248aa659fb",
                "sha256:57ac078ad7333c9db7a74804684099c4c77f98971c151cee18d17a12649bc25c",
                "sha256:62957069a7c2626ae80023998757e27bd28d933b165c487ab6f83ad3337f773d",
                "sha256:649a67643257e3b2cff1c0a73130609679a5673bf389564bc6d4b164d822a7ce",
                "sha256:67829fdb82e7393ca68e543894cd0581a79243cc4ec74a836c305c70a5943f07",
                "sha256:7d3bc4de588b987f3934ca79140e226785d7b5e47e31756761e48644a45a6766",
                "sha256:7f2afab2c727b6a3d466faee6974a7dad0d9991241c498e7317e5ccf53dbc766",
                "sha256:8070c1cdb4587a8aa038638acda3bd97c43c59e1e31705f2766d5576b329e97c",
                "sha256:8257752b97134477fb4e413529edaa04fc0457361d304c1319573de00ba796b1",
                "sha256:9980489f066a391c5572bc7dc471e903fb134e0b0001ea9b1d3eff85af0a6f1b",
                "sha256:9cff89a036c639a6a9299bf19e16bfb9ac7def9a7634c52c257166db09d950e7",
                "sha256:a8d200617d5c876221304b0e3fe43307adde291b4a897e7b0617a61611dfff6a",
                "sha256:a9fec02ce2b38e8b2e86079ff0b912445495e8ab0b137f9c0505f88ad0d61296",
                "sha256:b1367da0dde8ae5040ef0413fb57b5baeac39d8931c70536d5f013b11d3fc3a5",
                "sha256:b69cccd06a4a0a1d9fb3ec9a97600055cf03030ed7048d4bcb88c574f7895773",
                "sha256:b72060402524ab91e075881f6b6b3f37ab715663313030d0ce983da44960a86f",
                "sha256:c053b7c4cbf71cc26808ed67ae955836232f7638444d709bfc302d3e499364fa",
                "sha256:cff891e37b167bc477f35562cda1248acc115dbafbea4f3af54ec70821090965",
                "sha256:d12fa383e315b62630bd407477d750ec96a0f438447d0e6e496ab67b8b451d39",
                "sha256:d2d61675b2a73edcef5e327e38eb62bdfc89009960f0e3991eae5cc3d54718de",
                "sha256:db62cbe7a965e68ad2217a056107cc43d41764c66c895be05cf9c8b19578ce9c",
                "sha256:ddb086ea3b915e50f6604be93f4f64f168d3fc3cef3585bb9a375d5834392d4f",
                "sha256:df28aa5c241f59a7ab524f8ad8bb75d9a23f7ed9d501b0fed6d40ec3064784e8",
                "sha256:e1e0c62a67ff425927898cf43da2cf6b852289ebcc2054514ea9bf121bec10a5",
                "sha256:e6048a287f8d2d6e8bc67f6b42a766c61923641dd4022b7fd3f7439e17ba5a4d",
                "sha256:e7d560ce14fd209db6adacce8908244503a009c6c39eee0c10f138996cd66d3e",
                "sha256:ea68b1ba4f9678ac3d3e370d96442a6332d431e5050223626bdce748692226ea",
                "sha256:f08e3a10d01a247877e4cb61a82a319ea746c356a3786558bed2481e6c405546",
                "sha256:f1b9703fe2e6b6811886c44052647df7c37478af1b4a1a9078585806f42e5b15",
                "sha256:fe6c821eb6870f81d73bf10e5deed80edcac1e63fbc40610e61f340723fd5f7c",
                "sha256:ff0852da2abe86326b20abae912d0367878dd0854b8931897d44cfeb18985472"
            ],
            "markers": "python_version >= '3.7'",
            "version": "==0.21.0"
        }
    },
    "develop": {}
}
